
Microsoft Visual Studio Solution File, Format Version 12.00
# Visual Studio Version 17
VisualStudioVersion = 17.14.36603.0
MinimumVisualStudioVersion = 10.0.40219.1
Project("{FAE04EC0-301F-11D3-BF4B-00C04F79EFBC}") = "OP.GATEWAY", "OP.GATEWAY\OP.GATEWAY.csproj", "{C61C4A0A-45BE-46E3-9676-4B7A0FE96C87}"
EndProject
Project("{FAE04EC0-301F-11D3-BF4B-00C04F79EFBC}") = "OP.PORTAL", "OP.PORTAL\OP.PORTAL.csproj", "{128D4D68-7A81-44AB-8767-4088ED85A62F}"
EndProject
Global
	GlobalSection(SolutionConfigurationPlatforms) = preSolution
		Debug|Any CPU = Debug|Any CPU
		Release|Any CPU = Release|Any CPU
	EndGlobalSection
	GlobalSection(ProjectConfigurationPlatforms) = postSolution
		{C61C4A0A-45BE-46E3-9676-4B7A0FE96C87}.Debug|Any CPU.ActiveCfg = Debug|Any CPU
		{C61C4A0A-45BE-46E3-9676-4B7A0FE96C87}.Debug|Any CPU.Build.0 = Debug|Any CPU
		{C61C4A0A-45BE-46E3-9676-4B7A0FE96C87}.Release|Any CPU.ActiveCfg = Release|Any CPU
		{C61C4A0A-45BE-46E3-9676-4B7A0FE96C87}.Release|Any CPU.Build.0 = Release|Any CPU
		{128D4D68-7A81-44AB-8767-4088ED85A62F}.Debug|Any CPU.ActiveCfg = Debug|Any CPU
		{128D4D68-7A81-44AB-8767-4088ED85A62F}.Debug|Any CPU.Build.0 = Debug|Any CPU
		{128D4D68-7A81-44AB-8767-4088ED85A62F}.Release|Any CPU.ActiveCfg = Release|Any CPU
		{128D4D68-7A81-44AB-8767-4088ED85A62F}.Release|Any CPU.Build.0 = Release|Any CPU
	EndGlobalSection
	GlobalSection(SolutionProperties) = preSolution
		HideSolutionNode = FALSE
	EndGlobalSection
	GlobalSection(ExtensibilityGlobals) = postSolution
		SolutionGuid = {0352E55E-E40D-431C-ADE2-9C0A8B2247C1}
	EndGlobalSection
EndGlobal
